
Microsoft Visual Studio Solution File, Format Version 12.00
# Visual Studio 14
VisualStudioVersion = 14.0.25420.1
MinimumVisualStudioVersion = 10.0.40219.1
Project("{FAE04EC0-301F-11D3-BF4B-00C04F79EFBC}") = "elevator", "elevator\elevator.csproj", "{A17E550F-0815-493F-B806-E2FE410BFE34}"
EndProject
Project("{FAE04EC0-301F-11D3-BF4B-00C04F79EFBC}") = "elevatorTests", "elevatorTests\elevatorTests.csproj", "{110AA587-2E75-433E-AB48-C51E522B1070}"
EndProject
Global
	GlobalSection(SolutionConfigurationPlatforms) = preSolution
		Debug|Any CPU = Debug|Any CPU
		Release|Any CPU = Release|Any CPU
	EndGlobalSection
	GlobalSection(ProjectConfigurationPlatforms) = postSolution
		{A17E550F-0815-493F-B806-E2FE410BFE34}.Debug|Any CPU.ActiveCfg = Debug|Any CPU
		{A17E550F-0815-493F-B806-E2FE410BFE34}.Debug|Any CPU.Build.0 = Debug|Any CPU
		{A17E550F-0815-493F-B806-E2FE410BFE34}.Release|Any CPU.ActiveCfg = Release|Any CPU
		{A17E550F-0815-493F-B806-E2FE410BFE34}.Release|Any CPU.Build.0 = Release|Any CPU
		{110AA587-2E75-433E-AB48-C51E522B1070}.Debug|Any CPU.ActiveCfg = Debug|Any CPU
		{110AA587-2E75-433E-AB48-C51E522B1070}.Debug|Any CPU.Build.0 = Debug|Any CPU
		{110AA587-2E75-433E-AB48-C51E522B1070}.Release|Any CPU.ActiveCfg = Release|Any CPU
		{110AA587-2E75-433E-AB48-C51E522B1070}.Release|Any CPU.Build.0 = Release|Any CPU
	EndGlobalSection
	GlobalSection(SolutionProperties) = preSolution
		HideSolutionNode = FALSE
	EndGlobalSection
EndGlobal
